# THIS IS AN AUTOGENERATED FILE. DO NOT EDIT THIS FILE DIRECTLY.
# yarn lockfile v1


"@material/animation@^0.34.0":
  version "0.34.0"
  resolved "https://registry.yarnpkg.com/@material/animation/-/animation-0.34.0.tgz#a99cc9dabf7d0179b4da9a0aaa1575c4d1513823"

"@material/auto-init@^0.35.0":
  version "0.35.0"
  resolved "https://registry.yarnpkg.com/@material/auto-init/-/auto-init-0.35.0.tgz#e837ebf4720aeb017c92f6c29d27a0b45d47833e"

"@material/base@^0.35.0":
  version "0.35.0"
  resolved "https://registry.yarnpkg.com/@material/base/-/base-0.35.0.tgz#8640c2da385e8cc393ff56153c5a319f5a7704cb"

"@material/button@^0.36.1":
  version "0.36.1"
  resolved "https://registry.yarnpkg.com/@material/button/-/button-0.36.1.tgz#751d0925689a84ce23c20825b273a58ab77dc2d4"
  dependencies:
    "@material/elevation" "^0.36.1"
    "@material/ripple" "^0.36.0"
    "@material/rtl" "^0.36.0"
    "@material/theme" "^0.35.0"
    "@material/typography" "^0.35.0"

"@material/button@^0.37.0", "@material/button@^0.37.1":
  version "0.37.1"
  resolved "https://registry.yarnpkg.com/@material/button/-/button-0.37.1.tgz#3670a5c13a7ab4f5bf22731b32cb3898c919dcd0"
  dependencies:
    "@material/elevation" "^0.36.1"
    "@material/ripple" "^0.37.1"
    "@material/rtl" "^0.36.0"
    "@material/theme" "^0.35.0"
    "@material/typography" "^0.37.1"

"@material/card@^0.37.0", "@material/card@^0.37.1":
  version "0.37.1"
  resolved "https://registry.yarnpkg.com/@material/card/-/card-0.37.1.tgz#6c5a56814cacbf4ab3b09b5aea030cf22857646f"
  dependencies:
    "@material/elevation" "^0.36.1"
    "@material/ripple" "^0.37.1"
    "@material/rtl" "^0.36.0"
    "@material/theme" "^0.35.0"

"@material/checkbox@^0.37.0", "@material/checkbox@^0.37.1":
  version "0.37.1"
  resolved "https://registry.yarnpkg.com/@material/checkbox/-/checkbox-0.37.1.tgz#b8f5f100a8c40110fa6f6b6ea11896fd7a49b7d8"
  dependencies:
    "@material/animation" "^0.34.0"
    "@material/base" "^0.35.0"
    "@material/ripple" "^0.37.1"
    "@material/rtl" "^0.36.0"
    "@material/selection-control" "^0.37.1"
    "@material/theme" "^0.35.0"

"@material/chips@^0.37.0", "@material/chips@^0.37.1":
  version "0.37.1"
  resolved "https://registry.yarnpkg.com/@material/chips/-/chips-0.37.1.tgz#ca0277102204a03d8f7796df507016916cfe554b"
  dependencies:
    "@material/animation" "^0.34.0"
    "@material/base" "^0.35.0"
    "@material/checkbox" "^0.37.1"
    "@material/ripple" "^0.37.1"
    "@material/typography" "^0.37.1"

"@material/dialog@^0.37.0", "@material/dialog@^0.37.1":
  version "0.37.1"
  resolved "https://registry.yarnpkg.com/@material/dialog/-/dialog-0.37.1.tgz#c2463e7bebf3f9dae8c8f4341286d5504315f4a8"
  dependencies:
    "@material/animation" "^0.34.0"
    "@material/base" "^0.35.0"
    "@material/elevation" "^0.36.1"
    "@material/ripple" "^0.37.1"
    "@material/rtl" "^0.36.0"
    "@material/theme" "^0.35.0"
    "@material/typography" "^0.37.1"
    focus-trap "^2.3.0"

"@material/drawer@^0.36.0":
  version "0.36.1"
  resolved "https://registry.yarnpkg.com/@material/drawer/-/drawer-0.36.1.tgz#493d0fb5de719ef83d4f6c69edc483c7f72ecd45"
  dependencies:
    "@material/animation" "^0.34.0"
    "@material/base" "^0.35.0"
    "@material/elevation" "^0.36.1"
    "@material/rtl" "^0.36.0"
    "@material/theme" "^0.35.0"
    "@material/typography" "^0.35.0"

"@material/drawer@^0.37.1":
  version "0.37.1"
  resolved "https://registry.yarnpkg.com/@material/drawer/-/drawer-0.37.1.tgz#4e498b1116b77c9a28ede2e935c532c7f7e70afe"
  dependencies:
    "@material/animation" "^0.34.0"
    "@material/base" "^0.35.0"
    "@material/elevation" "^0.36.1"
    "@material/rtl" "^0.36.0"
    "@material/theme" "^0.35.0"
    "@material/typography" "^0.37.1"

"@material/elevation@^0.36.1":
  version "0.36.1"
  resolved "https://registry.yarnpkg.com/@material/elevation/-/elevation-0.36.1.tgz#663a527ad2a0b2bcf0cd67835ec6fe8e8f6609da"
  dependencies:
    "@material/animation" "^0.34.0"
    "@material/theme" "^0.35.0"

"@material/fab@^0.37.0", "@material/fab@^0.37.1":
  version "0.37.1"
  resolved "https://registry.yarnpkg.com/@material/fab/-/fab-0.37.1.tgz#d383a89c3b70d0848aad24f92b62bbf1c7da4d17"
  dependencies:
    "@material/animation" "^0.34.0"
    "@material/elevation" "^0.36.1"
    "@material/ripple" "^0.37.1"
    "@material/rtl" "^0.36.0"
    "@material/theme" "^0.35.0"
    "@material/typography" "^0.37.1"

"@material/floating-label@^0.36.0":
  version "0.36.0"
  resolved "https://registry.yarnpkg.com/@material/floating-label/-/floating-label-0.36.0.tgz#309f50234f42da0151ad6c0a3d1af7dee9172cd2"
  dependencies:
    "@material/base" "^0.35.0"
    "@material/rtl" "^0.36.0"
    "@material/theme" "^0.35.0"
    "@material/typography" "^0.35.0"

"@material/floating-label@^0.37.1":
  version "0.37.1"
  resolved "https://registry.yarnpkg.com/@material/floating-label/-/floating-label-0.37.1.tgz#7251e1a9b2b305b1c8acdb9bf19320825ce1a88d"
  dependencies:
    "@material/base" "^0.35.0"
    "@material/rtl" "^0.36.0"
    "@material/theme" "^0.35.0"
    "@material/typography" "^0.37.1"

"@material/form-field@^0.37.0", "@material/form-field@^0.37.1":
  version "0.37.1"
  resolved "https://registry.yarnpkg.com/@material/form-field/-/form-field-0.37.1.tgz#94922ad3cde4ecc91af6d058378e4bd52b64aa14"
  dependencies:
    "@material/base" "^0.35.0"
    "@material/rtl" "^0.36.0"
    "@material/selection-control" "^0.37.1"
    "@material/theme" "^0.35.0"
    "@material/typography" "^0.37.1"

"@material/grid-list@^0.36.0":
  version "0.36.0"
  resolved "https://registry.yarnpkg.com/@material/grid-list/-/grid-list-0.36.0.tgz#88b22645376904cf3c93d7177ddeef7eada9c21f"
  dependencies:
    "@material/base" "^0.35.0"
    "@material/rtl" "^0.36.0"
    "@material/theme" "^0.35.0"
    "@material/typography" "^0.35.0"

"@material/grid-list@^0.37.1":
  version "0.37.1"
  resolved "https://registry.yarnpkg.com/@material/grid-list/-/grid-list-0.37.1.tgz#b76b328226e5b781a961e3166ed487b7ef97e10f"
  dependencies:
    "@material/base" "^0.35.0"
    "@material/rtl" "^0.36.0"
    "@material/theme" "^0.35.0"
    "@material/typography" "^0.37.1"

"@material/icon-button@^0.37.1":
  version "0.37.1"
  resolved "https://registry.yarnpkg.com/@material/icon-button/-/icon-button-0.37.1.tgz#f56bb8af465e76a867dd47619243ae7bfbd9678f"
  dependencies:
    "@material/base" "^0.35.0"
    "@material/ripple" "^0.37.1"
    "@material/theme" "^0.35.0"

"@material/icon-toggle@^0.37.0", "@material/icon-toggle@^0.37.1":
  version "0.37.1"
  resolved "https://registry.yarnpkg.com/@material/icon-toggle/-/icon-toggle-0.37.1.tgz#d491fa955c26e9f9829282729b04012d9f1f9aff"
  dependencies:
    "@material/animation" "^0.34.0"
    "@material/base" "^0.35.0"
    "@material/ripple" "^0.37.1"
    "@material/theme" "^0.35.0"

"@material/image-list@^0.37.1":
  version "0.37.1"
  resolved "https://registry.yarnpkg.com/@material/image-list/-/image-list-0.37.1.tgz#c7d3e954e260eaeee1ea87db8c087f4d43980196"
  dependencies:
    "@material/theme" "^0.35.0"
    "@material/typography" "^0.37.1"

"@material/layout-grid@^0.34.0":
  version "0.34.0"
  resolved "https://registry.yarnpkg.com/@material/layout-grid/-/layout-grid-0.34.0.tgz#f730bdd962401b691ab7538e7d2b4d91764f4052"

"@material/line-ripple@^0.35.0":
  version "0.35.0"
  resolved "https://registry.yarnpkg.com/@material/line-ripple/-/line-ripple-0.35.0.tgz#5975b3c7150057eabb997a9453d48b2979b6a4ff"
  dependencies:
    "@material/animation" "^0.34.0"
    "@material/base" "^0.35.0"
    "@material/theme" "^0.35.0"

"@material/linear-progress@^0.35.0":
  version "0.35.0"
  resolved "https://registry.yarnpkg.com/@material/linear-progress/-/linear-progress-0.35.0.tgz#e176b5511a8c629436dc0664157dcce4c1850081"
  dependencies:
    "@material/animation" "^0.34.0"
    "@material/base" "^0.35.0"
    "@material/theme" "^0.35.0"

"@material/list@^0.37.0", "@material/list@^0.37.1":
  version "0.37.1"
  resolved "https://registry.yarnpkg.com/@material/list/-/list-0.37.1.tgz#4114e4d89ef88661b72cfd7c283cbb680ef6f459"
  dependencies:
    "@material/base" "^0.35.0"
    "@material/ripple" "^0.37.1"
    "@material/rtl" "^0.36.0"
    "@material/theme" "^0.35.0"
    "@material/typography" "^0.37.1"

"@material/menu@^0.36.1":
  version "0.36.1"
  resolved "https://registry.yarnpkg.com/@material/menu/-/menu-0.36.1.tgz#6940322faa43bc4e76b2cc47c460c1cdcae49340"
  dependencies:
    "@material/animation" "^0.34.0"
    "@material/base" "^0.35.0"
    "@material/elevation" "^0.36.1"
    "@material/theme" "^0.35.0"
    "@material/typography" "^0.35.0"

"@material/menu@^0.37.1":
  version "0.37.1"
  resolved "https://registry.yarnpkg.com/@material/menu/-/menu-0.37.1.tgz#c14e3476f769ca151a7ba14fd311d52c556eb60d"
  dependencies:
    "@material/animation" "^0.34.0"
    "@material/base" "^0.35.0"
    "@material/elevation" "^0.36.1"
    "@material/theme" "^0.35.0"
    "@material/typography" "^0.37.1"

"@material/notched-outline@^0.35.0":
  version "0.35.0"
  resolved "https://registry.yarnpkg.com/@material/notched-outline/-/notched-outline-0.35.0.tgz#df821f007ea84bf6d67859a2b7bcf5c44a248911"
  dependencies:
    "@material/animation" "^0.34.0"
    "@material/base" "^0.35.0"
    "@material/theme" "^0.35.0"

"@material/notched-outline@^0.37.1":
  version "0.37.1"
  resolved "https://registry.yarnpkg.com/@material/notched-outline/-/notched-outline-0.37.1.tgz#06a2a5b99410f7f3b4ab4e7a3f1c299754d72c6c"
  dependencies:
    "@material/animation" "^0.34.0"
    "@material/base" "^0.35.0"
    "@material/theme" "^0.35.0"

"@material/radio@^0.37.0", "@material/radio@^0.37.1":
  version "0.37.1"
  resolved "https://registry.yarnpkg.com/@material/radio/-/radio-0.37.1.tgz#652406290a9d8702633863ea0b05963d53e8a668"
  dependencies:
    "@material/animation" "^0.34.0"
    "@material/base" "^0.35.0"
    "@material/ripple" "^0.37.1"
    "@material/selection-control" "^0.37.1"
    "@material/theme" "^0.35.0"

"@material/ripple@0.36.0", "@material/ripple@^0.36.0":
  version "0.36.0"
  resolved "https://registry.yarnpkg.com/@material/ripple/-/ripple-0.36.0.tgz#262491c37643c3aabad93cd033698622c70beb13"
  dependencies:
    "@material/animation" "^0.34.0"
    "@material/base" "^0.35.0"
    "@material/theme" "^0.35.0"

"@material/ripple@^0.37.0", "@material/ripple@^0.37.1":
  version "0.37.1"
  resolved "https://registry.yarnpkg.com/@material/ripple/-/ripple-0.37.1.tgz#7bfe43036c2a9066f5083ba2ac5b952d96be16a4"
  dependencies:
    "@material/animation" "^0.34.0"
    "@material/base" "^0.35.0"
    "@material/theme" "^0.35.0"

"@material/rtl@^0.36.0":
  version "0.36.0"
  resolved "https://registry.yarnpkg.com/@material/rtl/-/rtl-0.36.0.tgz#a81b587981dc6e09f51e26da8a7447f89358ccd5"

"@material/select@^0.37.0", "@material/select@^0.37.1":
  version "0.37.1"
  resolved "https://registry.yarnpkg.com/@material/select/-/select-0.37.1.tgz#5567c5103a070cbe76214539566f6f5227165910"
  dependencies:
    "@material/animation" "^0.34.0"
    "@material/base" "^0.35.0"
    "@material/floating-label" "^0.37.1"
    "@material/line-ripple" "^0.35.0"
    "@material/notched-outline" "^0.37.1"
    "@material/ripple" "^0.37.1"
    "@material/rtl" "^0.36.0"
    "@material/theme" "^0.35.0"
    "@material/typography" "^0.37.1"

"@material/selection-control@^0.37.0", "@material/selection-control@^0.37.1":
  version "0.37.1"
  resolved "https://registry.yarnpkg.com/@material/selection-control/-/selection-control-0.37.1.tgz#de36d8e535bc19ef43a1511c7a46a53bef1cfe51"
  dependencies:
    "@material/ripple" "^0.37.1"

"@material/shape@^0.35.0":
  version "0.35.0"
  resolved "https://registry.yarnpkg.com/@material/shape/-/shape-0.35.0.tgz#2bd20063cef04034f9e050a2d96027bb3f645d6f"

"@material/slider@^0.36.0":
  version "0.36.0"
  resolved "https://registry.yarnpkg.com/@material/slider/-/slider-0.36.0.tgz#340955e88504402c25c2dcce0cdf4062a7725fc7"
  dependencies:
    "@material/animation" "^0.34.0"
    "@material/base" "^0.35.0"
    "@material/rtl" "^0.36.0"
    "@material/theme" "^0.35.0"

"@material/snackbar@^0.36.0":
  version "0.36.0"
  resolved "https://registry.yarnpkg.com/@material/snackbar/-/snackbar-0.36.0.tgz#25742f17e3e9ef798bfebd013ee7e1c4ebf59717"
  dependencies:
    "@material/animation" "^0.34.0"
    "@material/base" "^0.35.0"
    "@material/rtl" "^0.36.0"
    "@material/theme" "^0.35.0"
    "@material/typography" "^0.35.0"

"@material/snackbar@^0.37.1":
  version "0.37.1"
  resolved "https://registry.yarnpkg.com/@material/snackbar/-/snackbar-0.37.1.tgz#17067fc7392874058b7eb6229cf6667f94180e74"
  dependencies:
    "@material/animation" "^0.34.0"
    "@material/base" "^0.35.0"
    "@material/rtl" "^0.36.0"
    "@material/theme" "^0.35.0"
    "@material/typography" "^0.37.1"

"@material/switch@^0.36.0", "@material/switch@^0.36.1":
  version "0.36.1"
  resolved "https://registry.yarnpkg.com/@material/switch/-/switch-0.36.1.tgz#e3d062be2d1ee51b7d6094597cf86e7acb0c775e"
  dependencies:
    "@material/animation" "^0.34.0"
    "@material/elevation" "^0.36.1"
    "@material/rtl" "^0.36.0"
    "@material/theme" "^0.35.0"

"@material/tabs@^0.37.0", "@material/tabs@^0.37.1":
  version "0.37.1"
  resolved "https://registry.yarnpkg.com/@material/tabs/-/tabs-0.37.1.tgz#421b282e0da7b9417f71f3f9f31be63282326692"
  dependencies:
    "@material/animation" "^0.34.0"
    "@material/base" "^0.35.0"
    "@material/ripple" "^0.37.1"
    "@material/rtl" "^0.36.0"
    "@material/theme" "^0.35.0"
    "@material/typography" "^0.37.1"

"@material/textfield@^0.36.1":
  version "0.36.1"
  resolved "https://registry.yarnpkg.com/@material/textfield/-/textfield-0.36.1.tgz#3efd5dc3b3e432ab37cccbe7f02c0a1e6dd24fd4"
  dependencies:
    "@material/animation" "^0.34.0"
    "@material/base" "^0.35.0"
    "@material/floating-label" "^0.36.0"
    "@material/line-ripple" "^0.35.0"
    "@material/notched-outline" "^0.35.0"
    "@material/ripple" "^0.36.0"
    "@material/rtl" "^0.36.0"
    "@material/theme" "^0.35.0"
    "@material/typography" "^0.35.0"

"@material/textfield@^0.37.0", "@material/textfield@^0.37.1":
  version "0.37.1"
  resolved "https://registry.yarnpkg.com/@material/textfield/-/textfield-0.37.1.tgz#d8351754aaff6d73a385825170a8b4d5bb234edd"
  dependencies:
    "@material/animation" "^0.34.0"
    "@material/base" "^0.35.0"
    "@material/floating-label" "^0.37.1"
    "@material/line-ripple" "^0.35.0"
    "@material/notched-outline" "^0.37.1"
    "@material/ripple" "^0.37.1"
    "@material/rtl" "^0.36.0"
    "@material/theme" "^0.35.0"
    "@material/typography" "^0.37.1"

"@material/theme@^0.35.0":
  version "0.35.0"
  resolved "https://registry.yarnpkg.com/@material/theme/-/theme-0.35.0.tgz#a2c76f60b82a53d399b769ef91ec52e83ad3c3bd"

"@material/toolbar@^0.37.0", "@material/toolbar@^0.37.1":
  version "0.37.1"
  resolved "https://registry.yarnpkg.com/@material/toolbar/-/toolbar-0.37.1.tgz#d47c295efab895905d8d1ab6945c0388db3ced9a"
  dependencies:
    "@material/base" "^0.35.0"
    "@material/elevation" "^0.36.1"
    "@material/ripple" "^0.37.1"
    "@material/rtl" "^0.36.0"
    "@material/theme" "^0.35.0"
    "@material/typography" "^0.37.1"

"@material/top-app-bar@^0.37.0", "@material/top-app-bar@^0.37.1":
  version "0.37.1"
  resolved "https://registry.yarnpkg.com/@material/top-app-bar/-/top-app-bar-0.37.1.tgz#b9e669ffb823465594c374448196d182b3c0f132"
  dependencies:
    "@material/animation" "^0.34.0"
    "@material/base" "^0.35.0"
    "@material/elevation" "^0.36.1"
    "@material/ripple" "^0.37.1"
    "@material/rtl" "^0.36.0"
    "@material/theme" "^0.35.0"
    "@material/typography" "^0.37.1"

"@material/typography@^0.35.0":
  version "0.35.0"
  resolved "https://registry.yarnpkg.com/@material/typography/-/typography-0.35.0.tgz#23ad7eb7c9789e69c7c3fa54df8fc311cd7fc4b1"

"@material/typography@^0.37.1":
  version "0.37.1"
  resolved "https://registry.yarnpkg.com/@material/typography/-/typography-0.37.1.tgz#2e14e3ee5418a5170d793cdf7b6a671c8896292c"

ansi-regex@^2.0.0:
  version "2.1.1"
  resolved "https://registry.yarnpkg.com/ansi-regex/-/ansi-regex-2.1.1.tgz#c3b33ab5ee360d86e0e628f0468ae7ef27d654df"

ansi-styles@^2.2.1:
  version "2.2.1"
  resolved "https://registry.yarnpkg.com/ansi-styles/-/ansi-styles-2.2.1.tgz#b432dd3358b634cf75e1e4664368240533c1ddbe"

ansi-styles@^3.2.1:
  version "3.2.1"
  resolved "https://registry.yarnpkg.com/ansi-styles/-/ansi-styles-3.2.1.tgz#41fbb20243e50b12be0f04b8dedbf07520ce841d"
  dependencies:
    color-convert "^1.9.0"

argparse@^1.0.7:
  version "1.0.10"
  resolved "https://registry.yarnpkg.com/argparse/-/argparse-1.0.10.tgz#bcd6791ea5ae09725e17e5ad988134cd40b3d911"
  dependencies:
    sprintf-js "~1.0.2"

babel-code-frame@^6.22.0:
  version "6.26.0"
  resolved "https://registry.yarnpkg.com/babel-code-frame/-/babel-code-frame-6.26.0.tgz#63fd43f7dc1e3bb7ce35947db8fe369a3f58c74b"
  dependencies:
    chalk "^1.1.3"
    esutils "^2.0.2"
    js-tokens "^3.0.2"

balanced-match@^1.0.0:
  version "1.0.0"
  resolved "https://registry.yarnpkg.com/balanced-match/-/balanced-match-1.0.0.tgz#89b4d199ab2bee49de164ea02b89ce462d71b767"

brace-expansion@^1.1.7:
  version "1.1.11"
  resolved "https://registry.yarnpkg.com/brace-expansion/-/brace-expansion-1.1.11.tgz#3c7fcbf529d87226f3d2f52b966ff5271eb441dd"
  dependencies:
    balanced-match "^1.0.0"
    concat-map "0.0.1"

builtin-modules@^1.1.1:
  version "1.1.1"
  resolved "https://registry.yarnpkg.com/builtin-modules/-/builtin-modules-1.1.1.tgz#270f076c5a72c02f5b65a47df94c5fe3a278892f"

chalk@^1.1.3:
  version "1.1.3"
  resolved "https://registry.yarnpkg.com/chalk/-/chalk-1.1.3.tgz#a8115c55e4a702fe4d150abd3872822a7e09fc98"
  dependencies:
    ansi-styles "^2.2.1"
    escape-string-regexp "^1.0.2"
    has-ansi "^2.0.0"
    strip-ansi "^3.0.0"
    supports-color "^2.0.0"

chalk@^2.3.0:
  version "2.4.1"
  resolved "https://registry.yarnpkg.com/chalk/-/chalk-2.4.1.tgz#18c49ab16a037b6eb0152cc83e3471338215b66e"
  dependencies:
    ansi-styles "^3.2.1"
    escape-string-regexp "^1.0.5"
    supports-color "^5.3.0"

color-convert@^1.9.0:
  version "1.9.2"
  resolved "https://registry.yarnpkg.com/color-convert/-/color-convert-1.9.2.tgz#49881b8fba67df12a96bdf3f56c0aab9e7913147"
  dependencies:
    color-name "1.1.1"

color-name@1.1.1:
  version "1.1.1"
  resolved "https://registry.yarnpkg.com/color-name/-/color-name-1.1.1.tgz#4b1415304cf50028ea81643643bd82ea05803689"

commander@^2.12.1:
  version "2.16.0"
  resolved "https://registry.yarnpkg.com/commander/-/commander-2.16.0.tgz#f16390593996ceb4f3eeb020b31d78528f7f8a50"

concat-map@0.0.1:
  version "0.0.1"
  resolved "https://registry.yarnpkg.com/concat-map/-/concat-map-0.0.1.tgz#d8a96bd77fd68df7793a73036a3ba0d5405d477b"

diff@^3.2.0:
  version "3.5.0"
  resolved "https://registry.yarnpkg.com/diff/-/diff-3.5.0.tgz#800c0dd1e0a8bfbc95835c202ad220fe317e5a12"

escape-string-regexp@^1.0.2, escape-string-regexp@^1.0.5:
  version "1.0.5"
  resolved "https://registry.yarnpkg.com/escape-string-regexp/-/escape-string-regexp-1.0.5.tgz#1b61c0562190a8dff6ae3bb2cf0200ca130b86d4"

esprima@^4.0.0:
  version "4.0.1"
  resolved "https://registry.yarnpkg.com/esprima/-/esprima-4.0.1.tgz#13b04cdb3e6c5d19df91ab6987a8695619b0aa71"

esutils@^2.0.2:
  version "2.0.2"
  resolved "https://registry.yarnpkg.com/esutils/-/esutils-2.0.2.tgz#0abf4f1caa5bcb1f7a9d8acc6dea4faaa04bac9b"

focus-trap@^2.3.0:
  version "2.4.6"
  resolved "https://registry.yarnpkg.com/focus-trap/-/focus-trap-2.4.6.tgz#332b475b317cec6a4a129f5307ce7ebc0da90b40"
  dependencies:
    tabbable "^1.0.3"

fs.realpath@^1.0.0:
  version "1.0.0"
  resolved "https://registry.yarnpkg.com/fs.realpath/-/fs.realpath-1.0.0.tgz#1504ad2523158caa40db4a2787cb01411994ea4f"

glob@^7.1.1:
  version "7.1.2"
  resolved "https://registry.yarnpkg.com/glob/-/glob-7.1.2.tgz#c19c9df9a028702d678612384a6552404c636d15"
  dependencies:
    fs.realpath "^1.0.0"
    inflight "^1.0.4"
    inherits "2"
    minimatch "^3.0.4"
    once "^1.3.0"
    path-is-absolute "^1.0.0"

has-ansi@^2.0.0:
  version "2.0.0"
  resolved "https://registry.yarnpkg.com/has-ansi/-/has-ansi-2.0.0.tgz#34f5049ce1ecdf2b0649af3ef24e45ed35416d91"
  dependencies:
    ansi-regex "^2.0.0"

has-flag@^3.0.0:
  version "3.0.0"
  resolved "https://registry.yarnpkg.com/has-flag/-/has-flag-3.0.0.tgz#b5d454dc2199ae225699f3467e5a07f3b955bafd"

inflight@^1.0.4:
  version "1.0.6"
  resolved "https://registry.yarnpkg.com/inflight/-/inflight-1.0.6.tgz#49bd6331d7d02d0c09bc910a1075ba8165b56df9"
  dependencies:
    once "^1.3.0"
    wrappy "1"

inherits@2:
  version "2.0.3"
  resolved "https://registry.yarnpkg.com/inherits/-/inherits-2.0.3.tgz#633c2c83e3da42a502f52466022480f4208261de"

js-tokens@^3.0.2:
  version "3.0.2"
  resolved "https://registry.yarnpkg.com/js-tokens/-/js-tokens-3.0.2.tgz#9866df395102130e38f7f996bceb65443209c25b"

js-yaml@^3.7.0:
  version "3.12.0"
  resolved "https://registry.yarnpkg.com/js-yaml/-/js-yaml-3.12.0.tgz#eaed656ec8344f10f527c6bfa1b6e2244de167d1"
  dependencies:
    argparse "^1.0.7"
    esprima "^4.0.0"

material-components-web@^0.37.0:
  version "0.37.1"
  resolved "https://registry.yarnpkg.com/material-components-web/-/material-components-web-0.37.1.tgz#d3c0e3e078bf97d69d1f45b533a38dc8d476bc7d"
  dependencies:
    "@material/animation" "^0.34.0"
    "@material/auto-init" "^0.35.0"
    "@material/base" "^0.35.0"
    "@material/button" "^0.37.1"
    "@material/card" "^0.37.1"
    "@material/checkbox" "^0.37.1"
    "@material/chips" "^0.37.1"
    "@material/dialog" "^0.37.1"
    "@material/drawer" "^0.37.1"
    "@material/elevation" "^0.36.1"
    "@material/fab" "^0.37.1"
    "@material/floating-label" "^0.37.1"
    "@material/form-field" "^0.37.1"
    "@material/grid-list" "^0.37.1"
    "@material/icon-button" "^0.37.1"
    "@material/icon-toggle" "^0.37.1"
    "@material/image-list" "^0.37.1"
    "@material/layout-grid" "^0.34.0"
    "@material/line-ripple" "^0.35.0"
    "@material/linear-progress" "^0.35.0"
    "@material/list" "^0.37.1"
    "@material/menu" "^0.37.1"
    "@material/notched-outline" "^0.37.1"
    "@material/radio" "^0.37.1"
    "@material/ripple" "^0.37.1"
    "@material/rtl" "^0.36.0"
    "@material/select" "^0.37.1"
    "@material/selection-control" "^0.37.1"
    "@material/shape" "^0.35.0"
    "@material/slider" "^0.36.0"
    "@material/snackbar" "^0.37.1"
    "@material/switch" "^0.36.1"
    "@material/tabs" "^0.37.1"
    "@material/textfield" "^0.37.1"
    "@material/theme" "^0.35.0"
    "@material/toolbar" "^0.37.1"
    "@material/top-app-bar" "^0.37.1"
    "@material/typography" "^0.37.1"

minimatch@^3.0.4:
  version "3.0.4"
  resolved "https://registry.yarnpkg.com/minimatch/-/minimatch-3.0.4.tgz#5166e286457f03306064be5497e8dbb0c3d32083"
  dependencies:
    brace-expansion "^1.1.7"

once@^1.3.0:
  version "1.4.0"
  resolved "https://registry.yarnpkg.com/once/-/once-1.4.0.tgz#583b1aa775961d4b113ac17d9c50baef9dd76bd1"
  dependencies:
    wrappy "1"

path-is-absolute@^1.0.0:
  version "1.0.1"
  resolved "https://registry.yarnpkg.com/path-is-absolute/-/path-is-absolute-1.0.1.tgz#174b9268735534ffbc7ace6bf53a5a9e1b5c5f5f"

path-parse@^1.0.5:
  version "1.0.5"
  resolved "https://registry.yarnpkg.com/path-parse/-/path-parse-1.0.5.tgz#3c1adf871ea9cd6c9431b6ea2bd74a0ff055c4c1"

preact-material-components@^1.4.7:
  version "1.5.0"
  resolved "https://registry.yarnpkg.com/preact-material-components/-/preact-material-components-1.5.0.tgz#55dbf1f71aed68c461cd169c19ae7545378121ef"
  dependencies:
    "@material/animation" "^0.34.0"
    "@material/auto-init" "^0.35.0"
    "@material/base" "^0.35.0"
    "@material/button" "^0.37.0"
    "@material/card" "^0.37.0"
    "@material/checkbox" "^0.37.0"
    "@material/chips" "^0.37.0"
    "@material/dialog" "^0.37.0"
    "@material/drawer" "^0.36.0"
    "@material/elevation" "^0.36.1"
    "@material/fab" "^0.37.0"
    "@material/form-field" "^0.37.0"
    "@material/grid-list" "^0.36.0"
    "@material/icon-toggle" "^0.37.0"
    "@material/layout-grid" "^0.34.0"
    "@material/line-ripple" "^0.35.0"
    "@material/linear-progress" "^0.35.0"
    "@material/list" "^0.37.0"
    "@material/menu" "^0.36.1"
    "@material/notched-outline" "^0.35.0"
    "@material/radio" "^0.37.0"
    "@material/ripple" "^0.37.0"
    "@material/rtl" "^0.36.0"
    "@material/select" "^0.37.0"
    "@material/selection-control" "^0.37.0"
    "@material/slider" "^0.36.0"
    "@material/snackbar" "^0.36.0"
    "@material/switch" "^0.36.0"
    "@material/tabs" "^0.37.0"
    "@material/textfield" "^0.37.0"
    "@material/theme" "^0.35.0"
    "@material/toolbar" "^0.37.0"
    "@material/top-app-bar" "^0.37.0"
    "@material/typography" "^0.35.0"
    material-components-web "^0.37.0"

preact@^8.2.9:
  version "8.2.9"
  resolved "https://registry.yarnpkg.com/preact/-/preact-8.2.9.tgz#813ba9dd45e5d97c5ea0d6c86d375b3be711cc40"

resolve@^1.3.2:
  version "1.8.1"
  resolved "https://registry.yarnpkg.com/resolve/-/resolve-1.8.1.tgz#82f1ec19a423ac1fbd080b0bab06ba36e84a7a26"
  dependencies:
    path-parse "^1.0.5"

semver@^5.3.0:
  version "5.5.0"
  resolved "https://registry.yarnpkg.com/semver/-/semver-5.5.0.tgz#dc4bbc7a6ca9d916dee5d43516f0092b58f7b8ab"

sprintf-js@~1.0.2:
  version "1.0.3"
  resolved "https://registry.yarnpkg.com/sprintf-js/-/sprintf-js-1.0.3.tgz#04e6926f662895354f3dd015203633b857297e2c"

strip-ansi@^3.0.0:
  version "3.0.1"
  resolved "https://registry.yarnpkg.com/strip-ansi/-/strip-ansi-3.0.1.tgz#6a385fb8853d952d5ff05d0e8aaf94278dc63dcf"
  dependencies:
    ansi-regex "^2.0.0"

supports-color@^2.0.0:
  version "2.0.0"
  resolved "https://registry.yarnpkg.com/supports-color/-/supports-color-2.0.0.tgz#535d045ce6b6363fa40117084629995e9df324c7"

supports-color@^5.3.0:
  version "5.4.0"
  resolved "https://registry.yarnpkg.com/supports-color/-/supports-color-5.4.0.tgz#1c6b337402c2137605efe19f10fec390f6faab54"
  dependencies:
    has-flag "^3.0.0"

tabbable@^1.0.3:
  version "1.1.3"
  resolved "https://registry.yarnpkg.com/tabbable/-/tabbable-1.1.3.tgz#0e4ee376f3631e42d7977a074dbd2b3827843081"

tslib@^1.8.0, tslib@^1.8.1:
  version "1.9.3"
  resolved "https://registry.yarnpkg.com/tslib/-/tslib-1.9.3.tgz#d7e4dd79245d85428c4d7e4822a79917954ca286"

tslint-react@^3.6.0:
  version "3.6.0"
  resolved "https://registry.yarnpkg.com/tslint-react/-/tslint-react-3.6.0.tgz#7f462c95c4a0afaae82507f06517ff02942196a1"
  dependencies:
    tsutils "^2.13.1"

tslint@^5.10.0:
  version "5.11.0"
  resolved "https://registry.yarnpkg.com/tslint/-/tslint-5.11.0.tgz#98f30c02eae3cde7006201e4c33cb08b48581eed"
  dependencies:
    babel-code-frame "^6.22.0"
    builtin-modules "^1.1.1"
    chalk "^2.3.0"
    commander "^2.12.1"
    diff "^3.2.0"
    glob "^7.1.1"
    js-yaml "^3.7.0"
    minimatch "^3.0.4"
    resolve "^1.3.2"
    semver "^5.3.0"
    tslib "^1.8.0"
    tsutils "^2.27.2"

tsutils@^2.13.1, tsutils@^2.27.2:
  version "2.28.0"
  resolved "https://registry.yarnpkg.com/tsutils/-/tsutils-2.28.0.tgz#6bd71e160828f9d019b6f4e844742228f85169a1"
  dependencies:
    tslib "^1.8.1"

typescript@^2.9.2:
  version "2.9.2"
  resolved "https://registry.yarnpkg.com/typescript/-/typescript-2.9.2.tgz#1cbf61d05d6b96269244eb6a3bce4bd914e0f00c"

wrappy@1:
  version "1.0.2"
  resolved "https://registry.yarnpkg.com/wrappy/-/wrappy-1.0.2.tgz#b5243d8f3ec1aa35f1364605bc0d1036e30ab69f"
